// !$*UTF8*$!
{
	archiveVersion = 1;
	classes = {
	};
	objectVersion = 46;
	objects = {

/* Begin PBXBuildFile section */
		900920E31D92CCA1000E6E14 /* TCQuat.cpp in Sources */ = {isa = PBXBuildFile; fileRef = 900920E11D92CCA1000E6E14 /* TCQuat.cpp */; };
		900920EC1D92D18A000E6E14 /* TCMatrixf.cpp in Sources */ = {isa = PBXBuildFile; fileRef = 900920EA1D92D18A000E6E14 /* TCMatrixf.cpp */; };
		900920EF1D92D6B8000E6E14 /* TCMatrixd.cpp in Sources */ = {isa = PBXBuildFile; fileRef = 900920ED1D92D6B8000E6E14 /* TCMatrixd.cpp */; };
		9081109C1D9B8E680063229E /* TCCamera.cpp in Sources */ = {isa = PBXBuildFile; fileRef = 908110961D9B8E680063229E /* TCCamera.cpp */; };
		9081109D1D9B8E680063229E /* TCPerspectiveCamera.cpp in Sources */ = {isa = PBXBuildFile; fileRef = 908110981D9B8E680063229E /* TCPerspectiveCamera.cpp */; };
		9081109E1D9B8E680063229E /* TCView.cpp in Sources */ = {isa = PBXBuildFile; fileRef = 9081109A1D9B8E680063229E /* TCView.cpp */; };
/* End PBXBuildFile section */

/* Begin PBXCopyFilesBuildPhase section */
		900920AF1D92C279000E6E14 /* CopyFiles */ = {
			isa = PBXCopyFilesBuildPhase;
			buildActionMask = 2147483647;
			dstPath = "include/$(PRODUCT_NAME)";
			dstSubfolderSpec = 16;
			files = (
			);
			runOnlyForDeploymentPostprocessing = 0;
		};
/* End PBXCopyFilesBuildPhase section */

/* Begin PBXFileReference section */
		900920B11D92C279000E6E14 /* libthreecpp.a */ = {isa = PBXFileReference; explicitFileType = archive.ar; includeInIndex = 0; path = libthreecpp.a; sourceTree = BUILT_PRODUCTS_DIR; };
		900920D11D92C521000E6E14 /* TCMath.h */ = {isa = PBXFileReference; fileEncoding = 4; lastKnownFileType = sourcecode.c.h; path = TCMath.h; sourceTree = "<group>"; };
		900920D31D92C521000E6E14 /* TCVec2d.h */ = {isa = PBXFileReference; fileEncoding = 4; lastKnownFileType = sourcecode.c.h; path = TCVec2d.h; sourceTree = "<group>"; };
		900920D91D92C8DA000E6E14 /* TCVec3d.h */ = {isa = PBXFileReference; fileEncoding = 4; lastKnownFileType = sourcecode.c.h; path = TCVec3d.h; sourceTree = "<group>"; };
		900920DC1D92C97E000E6E14 /* TCVec3f.h */ = {isa = PBXFileReference; fileEncoding = 4; lastKnownFileType = sourcecode.c.h; path = TCVec3f.h; sourceTree = "<group>"; };
		900920DF1D92CA01000E6E14 /* TCVec2f.h */ = {isa = PBXFileReference; fileEncoding = 4; lastKnownFileType = sourcecode.c.h; path = TCVec2f.h; sourceTree = "<group>"; };
		900920E11D92CCA1000E6E14 /* TCQuat.cpp */ = {isa = PBXFileReference; fileEncoding = 4; lastKnownFileType = sourcecode.cpp.cpp; path = TCQuat.cpp; sourceTree = "<group>"; };
		900920E21D92CCA1000E6E14 /* TCQuat.h */ = {isa = PBXFileReference; fileEncoding = 4; lastKnownFileType = sourcecode.c.h; path = TCQuat.h; sourceTree = "<group>"; };
		900920E51D92CEA4000E6E14 /* TCVec4f.h */ = {isa = PBXFileReference; fileEncoding = 4; lastKnownFileType = sourcecode.c.h; path = TCVec4f.h; sourceTree = "<group>"; };
		900920E81D92CF64000E6E14 /* TCVec4d.h */ = {isa = PBXFileReference; fileEncoding = 4; lastKnownFileType = sourcecode.c.h; path = TCVec4d.h; sourceTree = "<group>"; };
		900920EA1D92D18A000E6E14 /* TCMatrixf.cpp */ = {isa = PBXFileReference; fileEncoding = 4; lastKnownFileType = sourcecode.cpp.cpp; path = TCMatrixf.cpp; sourceTree = "<group>"; };
		900920EB1D92D18A000E6E14 /* TCMatrixf.h */ = {isa = PBXFileReference; fileEncoding = 4; lastKnownFileType = sourcecode.c.h; path = TCMatrixf.h; sourceTree = "<group>"; };
		900920ED1D92D6B8000E6E14 /* TCMatrixd.cpp */ = {isa = PBXFileReference; fileEncoding = 4; lastKnownFileType = sourcecode.cpp.cpp; path = TCMatrixd.cpp; sourceTree = "<group>"; };
		900920EE1D92D6B8000E6E14 /* TCMatrixd.h */ = {isa = PBXFileReference; fileEncoding = 4; lastKnownFileType = sourcecode.c.h; path = TCMatrixd.h; sourceTree = "<group>"; };
		908110961D9B8E680063229E /* TCCamera.cpp */ = {isa = PBXFileReference; fileEncoding = 4; lastKnownFileType = sourcecode.cpp.cpp; path = TCCamera.cpp; sourceTree = "<group>"; };
		908110971D9B8E680063229E /* TCCamera.h */ = {isa = PBXFileReference; fileEncoding = 4; lastKnownFileType = sourcecode.c.h; path = TCCamera.h; sourceTree = "<group>"; };
		908110981D9B8E680063229E /* TCPerspectiveCamera.cpp */ = {isa = PBXFileReference; fileEncoding = 4; lastKnownFileType = sourcecode.cpp.cpp; path = TCPerspectiveCamera.cpp; sourceTree = "<group>"; };
		908110991D9B8E680063229E /* TCPerspectiveCamera.h */ = {isa = PBXFileReference; fileEncoding = 4; lastKnownFileType = sourcecode.c.h; path = TCPerspectiveCamera.h; sourceTree = "<group>"; };
		9081109A1D9B8E680063229E /* TCView.cpp */ = {isa = PBXFileReference; fileEncoding = 4; lastKnownFileType = sourcecode.cpp.cpp; path = TCView.cpp; sourceTree = "<group>"; };
		9081109B1D9B8E680063229E /* TCView.h */ = {isa = PBXFileReference; fileEncoding = 4; lastKnownFileType = sourcecode.c.h; path = TCView.h; sourceTree = "<group>"; };
/* End PBXFileReference section */

/* Begin PBXFrameworksBuildPhase section */
		900920AE1D92C279000E6E14 /* Frameworks */ = {
			isa = PBXFrameworksBuildPhase;
			buildActionMask = 2147483647;
			files = (
			);
			runOnlyForDeploymentPostprocessing = 0;
		};
/* End PBXFrameworksBuildPhase section */

/* Begin PBXGroup section */
		900920A61D92C237000E6E14 = {
			isa = PBXGroup;
			children = (
				900920B31D92C279000E6E14 /* threecpp */,
				900920B21D92C279000E6E14 /* Products */,
			);
			sourceTree = "<group>";
		};
		900920B21D92C279000E6E14 /* Products */ = {
			isa = PBXGroup;
			children = (
				900920B11D92C279000E6E14 /* libthreecpp.a */,
			);
			name = Products;
			sourceTree = "<group>";
		};
		900920B31D92C279000E6E14 /* threecpp */ = {
			isa = PBXGroup;
			children = (
				908110941D9B8E680063229E /* renderers */,
				908110951D9B8E680063229E /* view */,
				900920CF1D92C521000E6E14 /* math */,
			);
			path = threecpp;
			sourceTree = "<group>";
		};
		900920CF1D92C521000E6E14 /* math */ = {
			isa = PBXGroup;
			children = (
				900920D11D92C521000E6E14 /* TCMath.h */,
				900920DF1D92CA01000E6E14 /* TCVec2f.h */,
				900920D31D92C521000E6E14 /* TCVec2d.h */,
				900920DC1D92C97E000E6E14 /* TCVec3f.h */,
				900920D91D92C8DA000E6E14 /* TCVec3d.h */,
				900920E51D92CEA4000E6E14 /* TCVec4f.h */,
				900920E81D92CF64000E6E14 /* TCVec4d.h */,
				900920E11D92CCA1000E6E14 /* TCQuat.cpp */,
				900920E21D92CCA1000E6E14 /* TCQuat.h */,
				900920EA1D92D18A000E6E14 /* TCMatrixf.cpp */,
				900920EB1D92D18A000E6E14 /* TCMatrixf.h */,
				900920ED1D92D6B8000E6E14 /* TCMatrixd.cpp */,
				900920EE1D92D6B8000E6E14 /* TCMatrixd.h */,
			);
			name = math;
			path = ../../../math;
			sourceTree = "<group>";
		};
		908110941D9B8E680063229E /* renderers */ = {
			isa = PBXGroup;
			children = (
			);
			name = renderers;
			path = ../../../renderers;
			sourceTree = "<group>";
		};
		908110951D9B8E680063229E /* view */ = {
			isa = PBXGroup;
			children = (
				908110961D9B8E680063229E /* TCCamera.cpp */,
				908110971D9B8E680063229E /* TCCamera.h */,
				908110981D9B8E680063229E /* TCPerspectiveCamera.cpp */,
				908110991D9B8E680063229E /* TCPerspectiveCamera.h */,
				9081109A1D9B8E680063229E /* TCView.cpp */,
				9081109B1D9B8E680063229E /* TCView.h */,
			);
			name = view;
			path = ../../../view;
			sourceTree = "<group>";
		};
/* End PBXGroup section */

/* Begin PBXNativeTarget section */
		900920B01D92C279000E6E14 /* threecpp */ = {
			isa = PBXNativeTarget;
			buildConfigurationList = 900920C71D92C27A000E6E14 /* Build configuration list for PBXNativeTarget "threecpp" */;
			buildPhases = (
				900920AD1D92C279000E6E14 /* Sources */,
				900920AE1D92C279000E6E14 /* Frameworks */,
				900920AF1D92C279000E6E14 /* CopyFiles */,
			);
			buildRules = (
			);
			dependencies = (
			);
			name = threecpp;
			productName = threecpp;
			productReference = 900920B11D92C279000E6E14 /* libthreecpp.a */;
			productType = "com.apple.product-type.library.static";
		};
/* End PBXNativeTarget section */

/* Begin PBXProject section */
		900920A71D92C237000E6E14 /* Project object */ = {
			isa = PBXProject;
			attributes = {
				LastUpgradeCheck = 0610;
				TargetAttributes = {
					900920B01D92C279000E6E14 = {
						CreatedOnToolsVersion = 6.1;
					};
				};
			};
			buildConfigurationList = 900920AA1D92C237000E6E14 /* Build configuration list for PBXProject "threecpp" */;
			compatibilityVersion = "Xcode 3.2";
			developmentRegion = English;
			hasScannedForEncodings = 0;
			knownRegions = (
				en,
			);
			mainGroup = 900920A61D92C237000E6E14;
			productRefGroup = 900920B21D92C279000E6E14 /* Products */;
			projectDirPath = "";
			projectRoot = "";
			targets = (
				900920B01D92C279000E6E14 /* threecpp */,
			);
		};
/* End PBXProject section */

/* Begin PBXSourcesBuildPhase section */
		900920AD1D92C279000E6E14 /* Sources */ = {
			isa = PBXSourcesBuildPhase;
			buildActionMask = 2147483647;
			files = (
				900920EC1D92D18A000E6E14 /* TCMatrixf.cpp in Sources */,
				9081109C1D9B8E680063229E /* TCCamera.cpp in Sources */,
				900920EF1D92D6B8000E6E14 /* TCMatrixd.cpp in Sources */,
				9081109E1D9B8E680063229E /* TCView.cpp in Sources */,
				9081109D1D9B8E680063229E /* TCPerspectiveCamera.cpp in Sources */,
				900920E31D92CCA1000E6E14 /* TCQuat.cpp in Sources */,
			);
			runOnlyForDeploymentPostprocessing = 0;
		};
/* End PBXSourcesBuildPhase section */

/* Begin XCBuildConfiguration section */
		900920AB1D92C237000E6E14 /* Debug */ = {
			isa = XCBuildConfiguration;
			buildSettings = {
			};
			name = Debug;
		};
		900920AC1D92C237000E6E14 /* Release */ = {
			isa = XCBuildConfiguration;
			buildSettings = {
			};
			name = Release;
		};
		900920C31D92C27A000E6E14 /* Debug */ = {
			isa = XCBuildConfiguration;
			buildSettings = {
				ALWAYS_SEARCH_USER_PATHS = NO;
				CLANG_CXX_LANGUAGE_STANDARD = "gnu++0x";
				CLANG_CXX_LIBRARY = "libc++";
				CLANG_ENABLE_MODULES = YES;
				CLANG_ENABLE_OBJC_ARC = YES;
				CLANG_WARN_BOOL_CONVERSION = YES;
				CLANG_WARN_CONSTANT_CONVERSION = YES;
				CLANG_WARN_DIRECT_OBJC_ISA_USAGE = YES_ERROR;
				CLANG_WARN_EMPTY_BODY = YES;
				CLANG_WARN_ENUM_CONVERSION = YES;
				CLANG_WARN_INT_CONVERSION = YES;
				CLANG_WARN_OBJC_ROOT_CLASS = YES_ERROR;
				CLANG_WARN_UNREACHABLE_CODE = YES;
				CLANG_WARN__DUPLICATE_METHOD_MATCH = YES;
				COPY_PHASE_STRIP = NO;
				ENABLE_STRICT_OBJC_MSGSEND = YES;
				GCC_C_LANGUAGE_STANDARD = gnu99;
				GCC_DYNAMIC_NO_PIC = NO;
				GCC_OPTIMIZATION_LEVEL = 0;
				GCC_PREPROCESSOR_DEFINITIONS = (
					"DEBUG=1",
					"$(inherited)",
				);
				GCC_SYMBOLS_PRIVATE_EXTERN = NO;
				GCC_WARN_64_TO_32_BIT_CONVERSION = YES;
				GCC_WARN_ABOUT_RETURN_TYPE = YES_ERROR;
				GCC_WARN_UNDECLARED_SELECTOR = YES;
				GCC_WARN_UNINITIALIZED_AUTOS = YES_AGGRESSIVE;
				GCC_WARN_UNUSED_FUNCTION = YES;
				GCC_WARN_UNUSED_VARIABLE = YES;
				IPHONEOS_DEPLOYMENT_TARGET = 8.1;
				MTL_ENABLE_DEBUG_INFO = YES;
				ONLY_ACTIVE_ARCH = YES;
				OTHER_LDFLAGS = "-ObjC";
				PRODUCT_NAME = "$(TARGET_NAME)";
				SDKROOT = iphoneos;
				SKIP_INSTALL = YES;
			};
			name = Debug;
		};
		900920C41D92C27A000E6E14 /* Release */ = {
			isa = XCBuildConfiguration;
			buildSettings = {
				ALWAYS_SEARCH_USER_PATHS = NO;
				CLANG_CXX_LANGUAGE_STANDARD = "gnu++0x";
				CLANG_CXX_LIBRARY = "libc++";
				CLANG_ENABLE_MODULES = YES;
				CLANG_ENABLE_OBJC_ARC = YES;
				CLANG_WARN_BOOL_CONVERSION = YES;
				CLANG_WARN_CONSTANT_CONVERSION = YES;
				CLANG_WARN_DIRECT_OBJC_ISA_USAGE = YES_ERROR;
				CLANG_WARN_EMPTY_BODY = YES;
				CLANG_WARN_ENUM_CONVERSION = YES;
				CLANG_WARN_INT_CONVERSION = YES;
				CLANG_WARN_OBJC_ROOT_CLASS = YES_ERROR;
				CLANG_WARN_UNREACHABLE_CODE = YES;
				CLANG_WARN__DUPLICATE_METHOD_MATCH = YES;
				COPY_PHASE_STRIP = YES;
				ENABLE_NS_ASSERTIONS = NO;
				ENABLE_STRICT_OBJC_MSGSEND = YES;
				GCC_C_LANGUAGE_STANDARD = gnu99;
				GCC_WARN_64_TO_32_BIT_CONVERSION = YES;
				GCC_WARN_ABOUT_RETURN_TYPE = YES_ERROR;
				GCC_WARN_UNDECLARED_SELECTOR = YES;
				GCC_WARN_UNINITIALIZED_AUTOS = YES_AGGRESSIVE;
				GCC_WARN_UNUSED_FUNCTION = YES;
				GCC_WARN_UNUSED_VARIABLE = YES;
				IPHONEOS_DEPLOYMENT_TARGET = 8.1;
				MTL_ENABLE_DEBUG_INFO = NO;
				OTHER_LDFLAGS = "-ObjC";
				PRODUCT_NAME = "$(TARGET_NAME)";
				SDKROOT = iphoneos;
				SKIP_INSTALL = YES;
				VALIDATE_PRODUCT = YES;
			};
			name = Release;
		};
/* End XCBuildConfiguration section */

/* Begin XCConfigurationList section */
		900920AA1D92C237000E6E14 /* Build configuration list for PBXProject "threecpp" */ = {
			isa = XCConfigurationList;
			buildConfigurations = (
				900920AB1D92C237000E6E14 /* Debug */,
				900920AC1D92C237000E6E14 /* Release */,
			);
			defaultConfigurationIsVisible = 0;
			defaultConfigurationName = Release;
		};
		900920C71D92C27A000E6E14 /* Build configuration list for PBXNativeTarget "threecpp" */ = {
			isa = XCConfigurationList;
			buildConfigurations = (
				900920C31D92C27A000E6E14 /* Debug */,
				900920C41D92C27A000E6E14 /* Release */,
			);
			defaultConfigurationIsVisible = 0;
			defaultConfigurationName = Release;
		};
/* End XCConfigurationList section */
	};
	rootObject = 900920A71D92C237000E6E14 /* Project object */;
}
